
Microsoft Visual Studio Solution File, Format Version 12.00
# Visual Studio Version 16
VisualStudioVersion = 16.0.31702.278
MinimumVisualStudioVersion = 10.0.40219.1
Project("{9A19103F-16F7-4668-BE54-9A1E7A4F7556}") = "Blue Sakura Application", "Blue Sakura Application\Blue Sakura Application.csproj", "{661BD8F5-F36D-4EBC-A084-BCD7BB32534A}"
EndProject
Project("{9A19103F-16F7-4668-BE54-9A1E7A4F7556}") = "Blue Sakura Website", "Blue Sakura Website\Blue Sakura Website.csproj", "{67D1385E-F1B4-4608-AABC-31E16ABE2B1F}"
EndProject
Project("{9A19103F-16F7-4668-BE54-9A1E7A4F7556}") = "Blue Sakura Logic", "Blue Sakura Logic\Blue Sakura Logic.csproj", "{D874BD83-4B2C-4129-B390-0E9C299F0703}"
EndProject
Project("{9A19103F-16F7-4668-BE54-9A1E7A4F7556}") = "Blue Sakura Unit Test", "Blue Sakura Test\Blue Sakura Unit Test.csproj", "{03B46D70-1937-4175-981E-935A67D548CD}"
EndProject
Global
	GlobalSection(SolutionConfigurationPlatforms) = preSolution
		Debug|Any CPU = Debug|Any CPU
		Release|Any CPU = Release|Any CPU
	EndGlobalSection
	GlobalSection(ProjectConfigurationPlatforms) = postSolution
		{661BD8F5-F36D-4EBC-A084-BCD7BB32534A}.Debug|Any CPU.ActiveCfg = Debug|Any CPU
		{661BD8F5-F36D-4EBC-A084-BCD7BB32534A}.Debug|Any CPU.Build.0 = Debug|Any CPU
		{661BD8F5-F36D-4EBC-A084-BCD7BB32534A}.Release|Any CPU.ActiveCfg = Release|Any CPU
		{661BD8F5-F36D-4EBC-A084-BCD7BB32534A}.Release|Any CPU.Build.0 = Release|Any CPU
		{67D1385E-F1B4-4608-AABC-31E16ABE2B1F}.Debug|Any CPU.ActiveCfg = Debug|Any CPU
		{67D1385E-F1B4-4608-AABC-31E16ABE2B1F}.Debug|Any CPU.Build.0 = Debug|Any CPU
		{67D1385E-F1B4-4608-AABC-31E16ABE2B1F}.Release|Any CPU.ActiveCfg = Release|Any CPU
		{67D1385E-F1B4-4608-AABC-31E16ABE2B1F}.Release|Any CPU.Build.0 = Release|Any CPU
		{D874BD83-4B2C-4129-B390-0E9C299F0703}.Debug|Any CPU.ActiveCfg = Debug|Any CPU
		{D874BD83-4B2C-4129-B390-0E9C299F0703}.Debug|Any CPU.Build.0 = Debug|Any CPU
		{D874BD83-4B2C-4129-B390-0E9C299F0703}.Release|Any CPU.ActiveCfg = Release|Any CPU
		{D874BD83-4B2C-4129-B390-0E9C299F0703}.Release|Any CPU.Build.0 = Release|Any CPU
		{03B46D70-1937-4175-981E-935A67D548CD}.Debug|Any CPU.ActiveCfg = Debug|Any CPU
		{03B46D70-1937-4175-981E-935A67D548CD}.Debug|Any CPU.Build.0 = Debug|Any CPU
		{03B46D70-1937-4175-981E-935A67D548CD}.Release|Any CPU.ActiveCfg = Release|Any CPU
		{03B46D70-1937-4175-981E-935A67D548CD}.Release|Any CPU.Build.0 = Release|Any CPU
	EndGlobalSection
	GlobalSection(SolutionProperties) = preSolution
		HideSolutionNode = FALSE
	EndGlobalSection
	GlobalSection(ExtensibilityGlobals) = postSolution
		SolutionGuid = {AC1FFDCF-1908-4437-9E28-EBB27B1832C5}
	EndGlobalSection
EndGlobal
