
Microsoft Visual Studio Solution File, Format Version 12.00
# Visual Studio Version 16
VisualStudioVersion = 16.0.31624.102
MinimumVisualStudioVersion = 10.0.40219.1
Project("{9A19103F-16F7-4668-BE54-9A1E7A4F7556}") = "WADAssignmentS2", "WADAssignmentS2\WADAssignmentS2.csproj", "{CCFBFBF3-EB62-44C3-8680-EF8A4D34FEE5}"
EndProject
Global
	GlobalSection(SolutionConfigurationPlatforms) = preSolution
		Debug|Any CPU = Debug|Any CPU
		Release|Any CPU = Release|Any CPU
	EndGlobalSection
	GlobalSection(ProjectConfigurationPlatforms) = postSolution
		{CCFBFBF3-EB62-44C3-8680-EF8A4D34FEE5}.Debug|Any CPU.ActiveCfg = Debug|Any CPU
		{CCFBFBF3-EB62-44C3-8680-EF8A4D34FEE5}.Debug|Any CPU.Build.0 = Debug|Any CPU
		{CCFBFBF3-EB62-44C3-8680-EF8A4D34FEE5}.Release|Any CPU.ActiveCfg = Release|Any CPU
		{CCFBFBF3-EB62-44C3-8680-EF8A4D34FEE5}.Release|Any CPU.Build.0 = Release|Any CPU
	EndGlobalSection
	GlobalSection(SolutionProperties) = preSolution
		HideSolutionNode = FALSE
	EndGlobalSection
	GlobalSection(ExtensibilityGlobals) = postSolution
		SolutionGuid = {4E724248-CBEE-4001-BB20-7BEA6F6FC9AA}
	EndGlobalSection
EndGlobal
